{
  "name": "@saumya-sarma/procli",
  "version": "1.0.3",
  "lockfileVersion": 3,
  "requires": true,
  "packages": {
    "": {
      "name": "@saumya-sarma/procli",
      "version": "1.0.3",
      "license": "MIT",
      "bin": {
        "procli": "index.js"
      },
      "devDependencies": {}
    }
  }
}
